<?xml version="1.0" encoding="utf-8"?>
<Project ToolsVersion="4.0" xmlns="http://schemas.microsoft.com/developer/msbuild/2003">
  <ItemGroup>
    <Filter Include="Source Files">
      <UniqueIdentifier>{564f1f4a-4aea-47fd-8d59-4e3a1e74d73a}</UniqueIdentifier>
      <Extensions>cpp;c;cxx;rc;def;r;odl;idl;hpj;bat</Extensions>
    </Filter>
    <Filter Include="Header Files">
      <UniqueIdentifier>{f025be9c-aea3-4c8e-9ad2-75687e2e132e}</UniqueIdentifier>
      <Extensions>h;hpp;hxx;hm;inl</Extensions>
    </Filter>
  </ItemGroup>
  <ItemGroup>
    <ClCompile Include="H264AVCVideoIoLib.cpp">
      <Filter>Source Files</Filter>
    </ClCompile>
    <ClCompile Include="LargeFile.cpp">
      <Filter>Source Files</Filter>
    </ClCompile>
    <ClCompile Include="ReadBitstreamFile.cpp">
      <Filter>Source Files</Filter>
    </ClCompile>
    <ClCompile Include="ReadYuvFile.cpp">
      <Filter>Source Files</Filter>
    </ClCompile>
    <ClCompile Include="WriteBitstreamToFile.cpp">
      <Filter>Source Files</Filter>
    </ClCompile>
    <ClCompile Include="WriteYuvToFile.cpp">
      <Filter>Source Files</Filter>
    </ClCompile>
  </ItemGroup>
  <ItemGroup>
    <ClInclude Include="..\..\..\include\H264AVCVideoIoLib.h">
      <Filter>Header Files</Filter>
    </ClInclude>
    <ClInclude Include="..\..\..\include\LargeFile.h">
      <Filter>Header Files</Filter>
    </ClInclude>
    <ClInclude Include="..\..\..\include\ReadBitstreamFile.h">
      <Filter>Header Files</Filter>
    </ClInclude>
    <ClInclude Include="..\..\..\include\ReadBitstreamIf.h">
      <Filter>Header Files</Filter>
    </ClInclude>
    <ClInclude Include="..\..\..\include\ReadYuvFile.h">
      <Filter>Header Files</Filter>
    </ClInclude>
    <ClInclude Include="..\..\..\include\WriteBitstreamIf.h">
      <Filter>Header Files</Filter>
    </ClInclude>
    <ClInclude Include="..\..\..\include\WriteBitstreamToFile.h">
      <Filter>Header Files</Filter>
    </ClInclude>
    <ClInclude Include="..\..\..\include\WriteYuvIf.h">
      <Filter>Header Files</Filter>
    </ClInclude>
    <ClInclude Include="..\..\..\include\WriteYuvToFile.h">
      <Filter>Header Files</Filter>
    </ClInclude>
  </ItemGroup>
</Project>